{
  "name": "mindweaver",
  "version": "1.0.0",
  "lockfileVersion": 1,
  "dependencies": {
    "matter-js": {
      "version": "0.13.0",
      "resolved": "https://registry.npmjs.org/matter-js/-/matter-js-0.13.0.tgz",
      "integrity": "sha512-YX6EI5dPz3E7rjt4Z0Uu1kAV2HU8X+3pNZBGjkloU/yrxKI3XUZMfj1lncXltGuG+RFZA/81rD+7wSVjAPvciQ=="
    }
  }
}
